
Microsoft Visual Studio Solution File, Format Version 12.00
# Visual Studio Version 17
VisualStudioVersion = 17.6.33617.297
MinimumVisualStudioVersion = 10.0.40219.1
Project("{9A19103F-16F7-4668-BE54-9A1E7A4F7556}") = "wan24-Compression-LZ4", "wan24-Compression-LZ4\wan24-Compression-LZ4.csproj", "{7F623B46-E0D2-4DB8-A362-E09C6DA42DC1}"
EndProject
Project("{9A19103F-16F7-4668-BE54-9A1E7A4F7556}") = "wan24-Compression-LZ4 Docs", "wan24-Compression-LZ4 Docs\wan24-Compression-LZ4 Docs.csproj", "{066B7DE1-3776-4DE7-931B-9C94D7F274C2}"
EndProject
Project("{9A19103F-16F7-4668-BE54-9A1E7A4F7556}") = "wan24-Compression-LZ4 Tests", "wan24-Compression-LZ4 Tests\wan24-Compression-LZ4 Tests.csproj", "{290D8EA7-5F96-40A2-9BA0-05D3973A0BBA}"
EndProject
Project("{9A19103F-16F7-4668-BE54-9A1E7A4F7556}") = "MappingObject", "..\..\Mapping-Object\src\MappingObject\MappingObject.csproj", "{6EBE2B1A-53CD-4CE2-BB33-9D23DC23FB24}"
EndProject
Project("{9A19103F-16F7-4668-BE54-9A1E7A4F7556}") = "Wan24-Core", "..\..\wan24-Core\src\Wan24-Core\Wan24-Core.csproj", "{3D341FEA-8D4E-4ABA-8793-7A1CF119CAAF}"
EndProject
Project("{9A19103F-16F7-4668-BE54-9A1E7A4F7556}") = "wan24-Compression", "..\..\wan24-Compression\src\wan24-Compression\wan24-Compression.csproj", "{CA69D3BE-5A4B-4B16-877E-AD80C704F1E7}"
EndProject
Global
	GlobalSection(SolutionConfigurationPlatforms) = preSolution
		Debug|Any CPU = Debug|Any CPU
		Release|Any CPU = Release|Any CPU
		Trunk|Any CPU = Trunk|Any CPU
	EndGlobalSection
	GlobalSection(ProjectConfigurationPlatforms) = postSolution
		{7F623B46-E0D2-4DB8-A362-E09C6DA42DC1}.Debug|Any CPU.ActiveCfg = Debug|Any CPU
		{7F623B46-E0D2-4DB8-A362-E09C6DA42DC1}.Debug|Any CPU.Build.0 = Debug|Any CPU
		{7F623B46-E0D2-4DB8-A362-E09C6DA42DC1}.Release|Any CPU.ActiveCfg = Release|Any CPU
		{7F623B46-E0D2-4DB8-A362-E09C6DA42DC1}.Release|Any CPU.Build.0 = Release|Any CPU
		{7F623B46-E0D2-4DB8-A362-E09C6DA42DC1}.Trunk|Any CPU.ActiveCfg = Trunk|Any CPU
		{7F623B46-E0D2-4DB8-A362-E09C6DA42DC1}.Trunk|Any CPU.Build.0 = Trunk|Any CPU
		{066B7DE1-3776-4DE7-931B-9C94D7F274C2}.Debug|Any CPU.ActiveCfg = Debug|Any CPU
		{066B7DE1-3776-4DE7-931B-9C94D7F274C2}.Debug|Any CPU.Build.0 = Debug|Any CPU
		{066B7DE1-3776-4DE7-931B-9C94D7F274C2}.Release|Any CPU.ActiveCfg = Release|Any CPU
		{066B7DE1-3776-4DE7-931B-9C94D7F274C2}.Release|Any CPU.Build.0 = Release|Any CPU
		{066B7DE1-3776-4DE7-931B-9C94D7F274C2}.Trunk|Any CPU.ActiveCfg = Trunk|Any CPU
		{066B7DE1-3776-4DE7-931B-9C94D7F274C2}.Trunk|Any CPU.Build.0 = Trunk|Any CPU
		{290D8EA7-5F96-40A2-9BA0-05D3973A0BBA}.Debug|Any CPU.ActiveCfg = Debug|Any CPU
		{290D8EA7-5F96-40A2-9BA0-05D3973A0BBA}.Debug|Any CPU.Build.0 = Debug|Any CPU
		{290D8EA7-5F96-40A2-9BA0-05D3973A0BBA}.Release|Any CPU.ActiveCfg = Release|Any CPU
		{290D8EA7-5F96-40A2-9BA0-05D3973A0BBA}.Release|Any CPU.Build.0 = Release|Any CPU
		{290D8EA7-5F96-40A2-9BA0-05D3973A0BBA}.Trunk|Any CPU.ActiveCfg = Trunk|Any CPU
		{290D8EA7-5F96-40A2-9BA0-05D3973A0BBA}.Trunk|Any CPU.Build.0 = Trunk|Any CPU
		{6EBE2B1A-53CD-4CE2-BB33-9D23DC23FB24}.Debug|Any CPU.ActiveCfg = Debug|Any CPU
		{6EBE2B1A-53CD-4CE2-BB33-9D23DC23FB24}.Debug|Any CPU.Build.0 = Debug|Any CPU
		{6EBE2B1A-53CD-4CE2-BB33-9D23DC23FB24}.Release|Any CPU.ActiveCfg = Release|Any CPU
		{6EBE2B1A-53CD-4CE2-BB33-9D23DC23FB24}.Release|Any CPU.Build.0 = Release|Any CPU
		{6EBE2B1A-53CD-4CE2-BB33-9D23DC23FB24}.Trunk|Any CPU.ActiveCfg = Debug|Any CPU
		{6EBE2B1A-53CD-4CE2-BB33-9D23DC23FB24}.Trunk|Any CPU.Build.0 = Debug|Any CPU
		{3D341FEA-8D4E-4ABA-8793-7A1CF119CAAF}.Debug|Any CPU.ActiveCfg = Debug|Any CPU
		{3D341FEA-8D4E-4ABA-8793-7A1CF119CAAF}.Debug|Any CPU.Build.0 = Debug|Any CPU
		{3D341FEA-8D4E-4ABA-8793-7A1CF119CAAF}.Release|Any CPU.ActiveCfg = Release|Any CPU
		{3D341FEA-8D4E-4ABA-8793-7A1CF119CAAF}.Release|Any CPU.Build.0 = Release|Any CPU
		{3D341FEA-8D4E-4ABA-8793-7A1CF119CAAF}.Trunk|Any CPU.ActiveCfg = Debug|Any CPU
		{3D341FEA-8D4E-4ABA-8793-7A1CF119CAAF}.Trunk|Any CPU.Build.0 = Debug|Any CPU
		{CA69D3BE-5A4B-4B16-877E-AD80C704F1E7}.Debug|Any CPU.ActiveCfg = Debug|Any CPU
		{CA69D3BE-5A4B-4B16-877E-AD80C704F1E7}.Debug|Any CPU.Build.0 = Debug|Any CPU
		{CA69D3BE-5A4B-4B16-877E-AD80C704F1E7}.Release|Any CPU.ActiveCfg = Release|Any CPU
		{CA69D3BE-5A4B-4B16-877E-AD80C704F1E7}.Release|Any CPU.Build.0 = Release|Any CPU
		{CA69D3BE-5A4B-4B16-877E-AD80C704F1E7}.Trunk|Any CPU.ActiveCfg = Debug|Any CPU
		{CA69D3BE-5A4B-4B16-877E-AD80C704F1E7}.Trunk|Any CPU.Build.0 = Debug|Any CPU
	EndGlobalSection
	GlobalSection(SolutionProperties) = preSolution
		HideSolutionNode = FALSE
	EndGlobalSection
	GlobalSection(ExtensibilityGlobals) = postSolution
		SolutionGuid = {9EB90EF7-98A3-4A53-88B7-0664014F5CF9}
	EndGlobalSection
EndGlobal
